
Microsoft Visual Studio Solution File, Format Version 12.00
# Visual Studio Version 17
VisualStudioVersion = 17.9.34728.123
MinimumVisualStudioVersion = 10.0.40219.1
Project("{9A19103F-16F7-4668-BE54-9A1E7A4F7556}") = "ORMPractice", "ORMPractice\ORMPractice.csproj", "{6A967C73-619F-4DE3-87B7-632EE0A6CA12}"
EndProject
Global
	GlobalSection(SolutionConfigurationPlatforms) = preSolution
		Debug|Any CPU = Debug|Any CPU
		Release|Any CPU = Release|Any CPU
	EndGlobalSection
	GlobalSection(ProjectConfigurationPlatforms) = postSolution
		{6A967C73-619F-4DE3-87B7-632EE0A6CA12}.Debug|Any CPU.ActiveCfg = Debug|Any CPU
		{6A967C73-619F-4DE3-87B7-632EE0A6CA12}.Debug|Any CPU.Build.0 = Debug|Any CPU
		{6A967C73-619F-4DE3-87B7-632EE0A6CA12}.Release|Any CPU.ActiveCfg = Release|Any CPU
		{6A967C73-619F-4DE3-87B7-632EE0A6CA12}.Release|Any CPU.Build.0 = Release|Any CPU
	EndGlobalSection
	GlobalSection(SolutionProperties) = preSolution
		HideSolutionNode = FALSE
	EndGlobalSection
	GlobalSection(ExtensibilityGlobals) = postSolution
		SolutionGuid = {51B1ACAF-E205-4A3D-915C-38FDD0393A0A}
	EndGlobalSection
EndGlobal
